# This file is @generated by PDM.
# It is not intended for manual editing.

[metadata]
groups = ["default", "dev"]
strategy = ["cross_platform", "inherit_metadata"]
lock_version = "4.4.2"
content_hash = "sha256:9ad19c13f5f232d747d80f38abd344e862997ef9c2d45b74b2ac0c972bb5a3f7"

[[package]]
name = "nodeenv"
version = "1.9.1"
requires_python = "!=3.0.*,!=3.1.*,!=3.2.*,!=3.3.*,!=3.4.*,!=3.5.*,!=3.6.*,>=2.7"
summary = "Node.js virtual environment builder"
groups = ["dev"]
files = [
    {file = "nodeenv-1.9.1-py2.py3-none-any.whl", hash = "sha256:ba11c9782d29c27c70ffbdda2d7415098754709be8a7056d79a737cd901155c9"},
    {file = "nodeenv-1.9.1.tar.gz", hash = "sha256:6ec12890a2dab7946721edbfbcd91f3319c6ccc9aec47be7c7e6b7011ee6645f"},
]

[[package]]
name = "oocana"
version = "0.8.0"
requires_python = ">=3.9"
editable = true
path = "./oocana"
summary = "python implement of oocana to give a context for oocana block"
groups = ["dev"]
dependencies = [
    "paho-mqtt>=2",
]

[[package]]
name = "paho-mqtt"
version = "2.1.0"
requires_python = ">=3.7"
summary = "MQTT version 5.0/3.1.1 client class"
groups = ["dev"]
files = [
    {file = "paho_mqtt-2.1.0-py3-none-any.whl", hash = "sha256:6db9ba9b34ed5bc6b6e3812718c7e06e2fd7444540df2455d2c51bd58808feee"},
    {file = "paho_mqtt-2.1.0.tar.gz", hash = "sha256:12d6e7511d4137555a3f6ea167ae846af2c7357b10bc6fa4f7c3968fc1723834"},
]

[[package]]
name = "pyright"
version = "1.1.370"
requires_python = ">=3.7"
summary = "Command line wrapper for pyright"
groups = ["dev"]
dependencies = [
    "nodeenv>=1.6.0",
]
files = [
    {file = "pyright-1.1.370-py3-none-any.whl", hash = "sha256:fc721601e480a69989775bfc210534a6ca0110ebd0c065244a8d3a151294fc61"},
    {file = "pyright-1.1.370.tar.gz", hash = "sha256:d0d559d506fc41e3297f721aaa05a1b9f06beda5acc9ac64ca371ce94c28f960"},
]

[[package]]
name = "python-executor"
version = "0.3.0"
requires_python = ">=3.9"
editable = true
path = "./executor"
summary = "a client subscribe mqtt topic to execute oocana's block"
groups = ["dev"]
dependencies = [
    "oocana",
]
