# This file is @generated by PDM.
# It is not intended for manual editing.

[metadata]
groups = ["default", "dev"]
strategy = []
lock_version = "4.5.0"
content_hash = "sha256:4f7699a7a652fd1acc2c44d72aa1f641b5426910f3e9cf4af74274c193d86c80"

[[metadata.targets]]
requires_python = ">=3.9,<3.11"

[[package]]
name = "colorama"
version = "0.4.6"
summary = ""
files = [
    {file = "colorama-0.4.6-py2.py3-none-any.whl", hash = "sha256:4f1d9991f5acc0ca119f9d443620b77f9d6b33703e51011c16baf57afb285fc6"},
    {file = "colorama-0.4.6.tar.gz", hash = "sha256:08695f5cb7ed6e0531a20572697297273c47b8cae5a63ffc6d6ed5c201be6e44"},
]

[[package]]
name = "exceptiongroup"
version = "1.2.2"
summary = ""
files = [
    {file = "exceptiongroup-1.2.2-py3-none-any.whl", hash = "sha256:3111b9d131c238bec2f8f516e123e14ba243563fb135d3fe885990585aa7795b"},
    {file = "exceptiongroup-1.2.2.tar.gz", hash = "sha256:47c2edf7c6738fafb49fd34290706d1a1a2f4d1c6df275526b62cbb4aa5393cc"},
]

[[package]]
name = "iniconfig"
version = "2.1.0"
summary = ""
files = [
    {file = "iniconfig-2.1.0-py3-none-any.whl", hash = "sha256:9deba5723312380e77435581c6bf4935c94cbfab9b1ed33ef8d238ea168eb760"},
    {file = "iniconfig-2.1.0.tar.gz", hash = "sha256:3abbd2e30b36733fee78f9c7f7308f2d0050e88f0087fd25c2645f63c773e1c7"},
]

[[package]]
name = "nodeenv"
version = "1.9.1"
summary = ""
files = [
    {file = "nodeenv-1.9.1-py2.py3-none-any.whl", hash = "sha256:ba11c9782d29c27c70ffbdda2d7415098754709be8a7056d79a737cd901155c9"},
    {file = "nodeenv-1.9.1.tar.gz", hash = "sha256:6ec12890a2dab7946721edbfbcd91f3319c6ccc9aec47be7c7e6b7011ee6645f"},
]

[[package]]
name = "oocana"
version = "0.15.1"
editable = true
path = "./oocana"
summary = ""
dependencies = [
    "paho-mqtt",
    "simplejson",
    "typing-extensions",
]

[[package]]
name = "oocana-python-executor"
version = "0.15.1"
editable = true
path = "./executor"
summary = ""
dependencies = [
    "oocana",
]

[[package]]
name = "packaging"
version = "24.2"
summary = ""
files = [
    {file = "packaging-24.2-py3-none-any.whl", hash = "sha256:09abb1bccd265c01f4a3aa3f7a7db064b36514d2cba19a2f694fe6150451a759"},
    {file = "packaging-24.2.tar.gz", hash = "sha256:c228a6dc5e932d346bc5739379109d49e8853dd8223571c7c5b55260edc0b97f"},
]

[[package]]
name = "paho-mqtt"
version = "2.1.0"
summary = ""
files = [
    {file = "paho_mqtt-2.1.0-py3-none-any.whl", hash = "sha256:6db9ba9b34ed5bc6b6e3812718c7e06e2fd7444540df2455d2c51bd58808feee"},
    {file = "paho_mqtt-2.1.0.tar.gz", hash = "sha256:12d6e7511d4137555a3f6ea167ae846af2c7357b10bc6fa4f7c3968fc1723834"},
]

[[package]]
name = "pluggy"
version = "1.5.0"
summary = ""
files = [
    {file = "pluggy-1.5.0-py3-none-any.whl", hash = "sha256:44e1ad92c8ca002de6377e165f3e0f1be63266ab4d554740532335b9d75ea669"},
    {file = "pluggy-1.5.0.tar.gz", hash = "sha256:2cffa88e94fdc978c4c574f15f9e59b7f4201d439195c3715ca9e2486f1d0cf1"},
]

[[package]]
name = "pyright"
version = "1.1.397"
summary = ""
dependencies = [
    "nodeenv",
    "typing-extensions",
]
files = [
    {file = "pyright-1.1.397-py3-none-any.whl", hash = "sha256:2e93fba776e714a82b085d68f8345b01f91ba43e1ab9d513e79b70fc85906257"},
    {file = "pyright-1.1.397.tar.gz", hash = "sha256:07530fd65a449e4b0b28dceef14be0d8e0995a7a5b1bb2f3f897c3e548451ce3"},
]

[[package]]
name = "pytest"
version = "8.3.5"
summary = ""
dependencies = [
    "colorama; sys_platform == \"win32\"",
    "exceptiongroup",
    "iniconfig",
    "packaging",
    "pluggy",
    "tomli",
]
files = [
    {file = "pytest-8.3.5-py3-none-any.whl", hash = "sha256:c69214aa47deac29fad6c2a4f590b9c4a9fdb16a403176fe154b79c0b4d4d820"},
    {file = "pytest-8.3.5.tar.gz", hash = "sha256:f4efe70cc14e511565ac476b57c279e12a855b11f48f212af1080ef2263d3845"},
]

[[package]]
name = "simplejson"
version = "3.20.1"
summary = ""
files = [
    {file = "simplejson-3.20.1-cp310-cp310-macosx_10_9_universal2.whl", hash = "sha256:e580aa65d5f6c3bf41b9b4afe74be5d5ddba9576701c107c772d936ea2b5043a"},
    {file = "simplejson-3.20.1-cp310-cp310-macosx_10_9_x86_64.whl", hash = "sha256:4a586ce4f78cec11f22fe55c5bee0f067e803aab9bad3441afe2181693b5ebb5"},
    {file = "simplejson-3.20.1-cp310-cp310-macosx_11_0_arm64.whl", hash = "sha256:74a1608f9e6e8c27a4008d70a54270868306d80ed48c9df7872f9f4b8ac87808"},
    {file = "simplejson-3.20.1-cp310-cp310-manylinux_2_17_aarch64.manylinux2014_aarch64.whl", hash = "sha256:03db8cb64154189a92a7786209f24e391644f3a3fa335658be2df2af1960b8d8"},
    {file = "simplejson-3.20.1-cp310-cp310-manylinux_2_17_ppc64le.manylinux2014_ppc64le.whl", hash = "sha256:eea7e2b7d858f6fdfbf0fe3cb846d6bd8a45446865bc09960e51f3d473c2271b"},
    {file = "simplejson-3.20.1-cp310-cp310-manylinux_2_5_i686.manylinux1_i686.manylinux_2_17_i686.manylinux2014_i686.whl", hash = "sha256:e66712b17d8425bb7ff8968d4c7c7fd5a2dd7bd63728b28356223c000dd2f91f"},
    {file = "simplejson-3.20.1-cp310-cp310-manylinux_2_5_x86_64.manylinux1_x86_64.manylinux_2_17_x86_64.manylinux2014_x86_64.whl", hash = "sha256:a2cc4f6486f9f515b62f5831ff1888886619b84fc837de68f26d919ba7bbdcbc"},
    {file = "simplejson-3.20.1-cp310-cp310-musllinux_1_2_aarch64.whl", hash = "sha256:a3c2df555ee4016148fa192e2b9cd9e60bc1d40769366134882685e90aee2a1e"},
    {file = "simplejson-3.20.1-cp310-cp310-musllinux_1_2_i686.whl", hash = "sha256:78520f04b7548a5e476b5396c0847e066f1e0a4c0c5e920da1ad65e95f410b11"},
    {file = "simplejson-3.20.1-cp310-cp310-musllinux_1_2_ppc64le.whl", hash = "sha256:f4bd49ecde87b0fe9f55cc971449a32832bca9910821f7072bbfae1155eaa007"},
    {file = "simplejson-3.20.1-cp310-cp310-musllinux_1_2_x86_64.whl", hash = "sha256:7eaae2b88eb5da53caaffdfa50e2e12022553949b88c0df4f9a9663609373f72"},
    {file = "simplejson-3.20.1-cp310-cp310-win32.whl", hash = "sha256:e836fb88902799eac8debc2b642300748f4860a197fa3d9ea502112b6bb8e142"},
    {file = "simplejson-3.20.1-cp310-cp310-win_amd64.whl", hash = "sha256:b122a19b552b212fc3b5b96fc5ce92333d4a9ac0a800803e1f17ebb16dac4be5"},
    {file = "simplejson-3.20.1-cp39-cp39-macosx_10_9_universal2.whl", hash = "sha256:a8011f1dd1d676befcd4d675ebdbfdbbefd3bf350052b956ba8c699fca7d8cef"},
    {file = "simplejson-3.20.1-cp39-cp39-macosx_10_9_x86_64.whl", hash = "sha256:e91703a4c5fec53e36875ae426ad785f4120bd1d93b65bed4752eeccd1789e0c"},
    {file = "simplejson-3.20.1-cp39-cp39-macosx_11_0_arm64.whl", hash = "sha256:e39eaa57c7757daa25bcd21f976c46be443b73dd6c3da47fe5ce7b7048ccefe2"},
    {file = "simplejson-3.20.1-cp39-cp39-manylinux_2_17_aarch64.manylinux2014_aarch64.whl", hash = "sha256:ceab2ce2acdc7fbaa433a93006758db6ba9a659e80c4faa13b80b9d2318e9b17"},
    {file = "simplejson-3.20.1-cp39-cp39-manylinux_2_17_ppc64le.manylinux2014_ppc64le.whl", hash = "sha256:6d4f320c33277a5b715db5bf5b10dae10c19076bd6d66c2843e04bd12d1f1ea5"},
    {file = "simplejson-3.20.1-cp39-cp39-manylinux_2_5_i686.manylinux1_i686.manylinux_2_17_i686.manylinux2014_i686.whl", hash = "sha256:2b6436c48e64378fa844d8c9e58a5ed0352bbcfd4028369a9b46679b7ab79d2d"},
    {file = "simplejson-3.20.1-cp39-cp39-manylinux_2_5_x86_64.manylinux1_x86_64.manylinux_2_17_x86_64.manylinux2014_x86_64.whl", hash = "sha256:6e18345c8dda5d699be8166b61f9d80aaee4545b709f1363f60813dc032dac53"},
    {file = "simplejson-3.20.1-cp39-cp39-musllinux_1_2_aarch64.whl", hash = "sha256:90b573693d1526bed576f6817e2a492eaaef68f088b57d7a9e83d122bbb49e51"},
    {file = "simplejson-3.20.1-cp39-cp39-musllinux_1_2_i686.whl", hash = "sha256:272cc767826e924a6bd369ea3dbf18e166ded29059c7a4d64d21a9a22424b5b5"},
    {file = "simplejson-3.20.1-cp39-cp39-musllinux_1_2_ppc64le.whl", hash = "sha256:51b41f284d603c4380732d7d619f8b34bd04bc4aa0ed0ed5f4ffd0539b14da44"},
    {file = "simplejson-3.20.1-cp39-cp39-musllinux_1_2_x86_64.whl", hash = "sha256:6e6697a3067d281f01de0fe96fc7cba4ea870d96d7deb7bfcf85186d74456503"},
    {file = "simplejson-3.20.1-cp39-cp39-win32.whl", hash = "sha256:6dd3a1d5aca87bf947f3339b0f8e8e329f1badf548bdbff37fac63c17936da8e"},
    {file = "simplejson-3.20.1-cp39-cp39-win_amd64.whl", hash = "sha256:463f1fca8fbf23d088e5850fdd0dd4d5faea8900a9f9680270bd98fd649814ca"},
    {file = "simplejson-3.20.1-py3-none-any.whl", hash = "sha256:8a6c1bbac39fa4a79f83cbf1df6ccd8ff7069582a9fd8db1e52cea073bc2c697"},
    {file = "simplejson-3.20.1.tar.gz", hash = "sha256:e64139b4ec4f1f24c142ff7dcafe55a22b811a74d86d66560c8815687143037d"},
]

[[package]]
name = "tomli"
version = "2.2.1"
summary = ""
files = [
    {file = "tomli-2.2.1-py3-none-any.whl", hash = "sha256:cb55c73c5f4408779d0cf3eef9f762b9c9f147a77de7b258bef0a5628adc85cc"},
    {file = "tomli-2.2.1.tar.gz", hash = "sha256:cd45e1dc79c835ce60f7404ec8119f2eb06d38b1deba146f07ced3bbc44505ff"},
]

[[package]]
name = "typing-extensions"
version = "4.12.2"
summary = ""
files = [
    {file = "typing_extensions-4.12.2-py3-none-any.whl", hash = "sha256:04e5ca0351e0f3f85c6853954072df659d0d13fac324d0072316b67d7794700d"},
    {file = "typing_extensions-4.12.2.tar.gz", hash = "sha256:1a7ead55c7e559dd4dee8856e3a88b41225abfe1ce8df57b7c13915fe121ffb8"},
]
