# This file is @generated by PDM.
# It is not intended for manual editing.

[metadata]
groups = ["default"]
cross_platform = true
static_urls = false
lock_version = "4.3"
content_hash = "sha256:3be47d52b5cc67c24474ae197444e9fa5f019681ac16e009daf4d08689d7b366"

[[package]]
name = "paho-mqtt"
version = "1.6.1"
summary = "MQTT version 5.0/3.1.1 client class"
files = [
    {file = "paho-mqtt-1.6.1.tar.gz", hash = "sha256:2a8291c81623aec00372b5a85558a372c747cbca8e9934dfe218638b8eefc26f"},
]
